
Microsoft Visual Studio Solution File, Format Version 12.00
# Visual Studio Version 16
VisualStudioVersion = 16.0.29709.97
MinimumVisualStudioVersion = 10.0.40219.1
Project("{FAE04EC0-301F-11D3-BF4B-00C04F79EFBC}") = "ADN_ychet", "ADN_ychet\ADN_ychet.csproj", "{4755EA40-BA4B-4138-B896-B851A9FA4955}"
EndProject
Global
	GlobalSection(SolutionConfigurationPlatforms) = preSolution
		Debug|Any CPU = Debug|Any CPU
		Release|Any CPU = Release|Any CPU
	EndGlobalSection
	GlobalSection(ProjectConfigurationPlatforms) = postSolution
		{4755EA40-BA4B-4138-B896-B851A9FA4955}.Debug|Any CPU.ActiveCfg = Debug|Any CPU
		{4755EA40-BA4B-4138-B896-B851A9FA4955}.Debug|Any CPU.Build.0 = Debug|Any CPU
		{4755EA40-BA4B-4138-B896-B851A9FA4955}.Release|Any CPU.ActiveCfg = Release|Any CPU
		{4755EA40-BA4B-4138-B896-B851A9FA4955}.Release|Any CPU.Build.0 = Release|Any CPU
	EndGlobalSection
	GlobalSection(SolutionProperties) = preSolution
		HideSolutionNode = FALSE
	EndGlobalSection
	GlobalSection(ExtensibilityGlobals) = postSolution
		SolutionGuid = {4C6F7336-BEB7-40F5-8EDE-E90166C67080}
	EndGlobalSection
EndGlobal
